{
  "requires": true,
  "lockfileVersion": 1,
  "dependencies": {
    "animate.css": {
      "version": "3.7.2",
      "resolved": "https://registry.npm.taobao.org/animate.css/download/animate.css-3.7.2.tgz",
      "integrity": "sha1-5z4NUOkssc/vFZfZs4qUgQIOCOo="
    },
    "aplayer": {
      "version": "1.10.1",
      "resolved": "https://registry.npm.taobao.org/aplayer/download/aplayer-1.10.1.tgz",
      "integrity": "sha1-MYKJIGEHRSzDno9VL6bMbLRZqQw=",
      "requires": {
        "balloon-css": "^0.5.0",
        "promise-polyfill": "7.1.0",
        "smoothscroll": "0.4.0"
      }
    },
    "axios": {
      "version": "0.19.2",
      "resolved": "https://registry.npm.taobao.org/axios/download/axios-0.19.2.tgz",
      "integrity": "sha1-PqNsXYgY0NX4qKl6bTa4bNwAyyc=",
      "requires": {
        "follow-redirects": "1.5.10"
      }
    },
    "balloon-css": {
      "version": "0.5.2",
      "resolved": "https://registry.npm.taobao.org/balloon-css/download/balloon-css-0.5.2.tgz",
      "integrity": "sha1-niFjVloTbJ1Kog6EAHcs47c40/8="
    },
    "bootstrap": {
      "version": "4.4.1",
      "resolved": "https://registry.npm.taobao.org/bootstrap/download/bootstrap-4.4.1.tgz",
      "integrity": "sha1-hYKWDuoMXNK+3oTYsLrzeJw+iwE="
    },
    "bootstrap-paginator": {
      "version": "1.0.2",
      "resolved": "https://registry.npm.taobao.org/bootstrap-paginator/download/bootstrap-paginator-1.0.2.tgz",
      "integrity": "sha1-o51gC8dFPxuVnF384tDo5I62od4="
    },
    "debug": {
      "version": "3.1.0",
      "resolved": "http://registry.npm.taobao.org/debug/download/debug-3.1.0.tgz",
      "integrity": "sha1-W7WgZyYotkFJVmuhaBnmFRjGcmE=",
      "requires": {
        "ms": "2.0.0"
      }
    },
    "follow-redirects": {
      "version": "1.5.10",
      "resolved": "https://registry.npm.taobao.org/follow-redirects/download/follow-redirects-1.5.10.tgz?cache=0&sync_timestamp=1585479417937&other_urls=https%3A%2F%2Fregistry.npm.taobao.org%2Ffollow-redirects%2Fdownload%2Ffollow-redirects-1.5.10.tgz",
      "integrity": "sha1-e3qfmuov3/NnhqlP9kPtB/T/Xio=",
      "requires": {
        "debug": "=3.1.0"
      }
    },
    "jquery": {
      "version": "3.4.1",
      "resolved": "https://registry.npm.taobao.org/jquery/download/jquery-3.4.1.tgz",
      "integrity": "sha1-cU8fjZ3eS9+lV2S6N+8hRjDYDvI="
    },
    "js-cookie": {
      "version": "2.2.1",
      "resolved": "https://registry.npm.taobao.org/js-cookie/download/js-cookie-2.2.1.tgz?cache=0&sync_timestamp=1583934899542&other_urls=https%3A%2F%2Fregistry.npm.taobao.org%2Fjs-cookie%2Fdownload%2Fjs-cookie-2.2.1.tgz",
      "integrity": "sha1-aeEG3F1YBolFYpAqpbrsN0Tpsrg="
    },
    "ms": {
      "version": "2.0.0",
      "resolved": "https://registry.npm.taobao.org/ms/download/ms-2.0.0.tgz",
      "integrity": "sha1-VgiurfwAvmwpAd9fmGF4jeDVl8g="
    },
    "promise-polyfill": {
      "version": "7.1.0",
      "resolved": "https://registry.npm.taobao.org/promise-polyfill/download/promise-polyfill-7.1.0.tgz",
      "integrity": "sha1-TXSUhbRFd8FBN1kcbzbl1+LdM3g="
    },
    "qs": {
      "version": "6.9.3",
      "resolved": "https://registry.npm.taobao.org/qs/download/qs-6.9.3.tgz?cache=0&sync_timestamp=1585169817428&other_urls=https%3A%2F%2Fregistry.npm.taobao.org%2Fqs%2Fdownload%2Fqs-6.9.3.tgz",
      "integrity": "sha1-v63NKWwtVJ8d/6VgYZEyyXf1AI4="
    },
    "smoothscroll": {
      "version": "0.4.0",
      "resolved": "https://registry.npm.taobao.org/smoothscroll/download/smoothscroll-0.4.0.tgz",
      "integrity": "sha1-QOUHtGRhQIuht4fQCB4eiDxBJKU="
    },
    "vue": {
      "version": "2.6.11",
      "resolved": "https://registry.npm.taobao.org/vue/download/vue-2.6.11.tgz?cache=0&other_urls=https%3A%2F%2Fregistry.npm.taobao.org%2Fvue%2Fdownload%2Fvue-2.6.11.tgz",
      "integrity": "sha1-dllNh31LEiNEBuhONSdcbVFBJcU="
    }
  }
}
